// !$*UTF8*$!
{
	archiveVersion = 1;
	classes = {
	};
	objectVersion = 56;
	objects = {
		/* Begin PBXBuildFile section */
		CA001001 /* OpenCountApp.swift in Sources */ = {isa = PBXBuildFile; fileRef = CA001000 /* OpenCountApp.swift */; };
		CA001003 /* ContentView.swift in Sources */ = {isa = PBXBuildFile; fileRef = CA001002 /* ContentView.swift */; };
		CA001005 /* Preview Assets.xcassets in Resources */ = {isa = PBXBuildFile; fileRef = CA001004 /* Preview Assets.xcassets */; };
		CA001010 /* DetectedObject.swift in Sources */ = {isa = PBXBuildFile; fileRef = CA00100F /* DetectedObject.swift */; };
		CA001012 /* DetectionService.swift in Sources */ = {isa = PBXBuildFile; fileRef = CA001011 /* DetectionService.swift */; };
		CA001014 /* CountViewModel.swift in Sources */ = {isa = PBXBuildFile; fileRef = CA001013 /* CountViewModel.swift */; };
		CA001016 /* Constants.swift in Sources */ = {isa = PBXBuildFile; fileRef = CA001015 /* Constants.swift */; };
		CA001018 /* CameraView.swift in Sources */ = {isa = PBXBuildFile; fileRef = CA001017 /* CameraView.swift */; };
		CA00101A /* CountResultView.swift in Sources */ = {isa = PBXBuildFile; fileRef = CA001019 /* CountResultView.swift */; };
		CA00101C /* DetectionOverlay.swift in Sources */ = {isa = PBXBuildFile; fileRef = CA00101B /* DetectionOverlay.swift */; };
		CA001043 /* ExportService.swift in Sources */ = {isa = PBXBuildFile; fileRef = CA001040 /* ExportService.swift */; };
		CA001044 /* StatisticsService.swift in Sources */ = {isa = PBXBuildFile; fileRef = CA001041 /* StatisticsService.swift */; };
		CA001045 /* StatisticsView.swift in Sources */ = {isa = PBXBuildFile; fileRef = CA001042 /* StatisticsView.swift */; };
		CA001043 /* ExportService.swift in Sources */ = {isa = PBXBuildFile; fileRef = CA001040 /* ExportService.swift */; };
		CA001044 /* StatisticsService.swift in Sources */ = {isa = PBXBuildFile; fileRef = CA001041 /* StatisticsService.swift */; };
		CA001045 /* StatisticsView.swift in Sources */ = {isa = PBXBuildFile; fileRef = CA001042 /* StatisticsView.swift */; };
		CA00101E /* Assets.xcassets in Resources */ = {isa = PBXBuildFile; fileRef = CA00101D /* Assets.xcassets */; };
		CA001020 /* LaunchScreen.storyboard in Resources */ = {isa = PBXBuildFile; fileRef = CA00101F /* LaunchScreen.storyboard */; };
		/* End PBXBuildFile section */

		/* Begin PBXFileReference section */
		CA000FE0 /* OpenCount.app */ = {isa = PBXFileReference; explicitFileType = wrapper.application; includeInIndex = 0; path = OpenCount.app; sourceTree = BUILT_PRODUCTS_DIR; };
		CA001000 /* OpenCountApp.swift */ = {isa = PBXFileReference; lastKnownFileType = sourcecode.swift; path = OpenCountApp.swift; sourceTree = "<group>"; };
		CA001002 /* ContentView.swift */ = {isa = PBXFileReference; lastKnownFileType = sourcecode.swift; path = ContentView.swift; sourceTree = "<group>"; };
		CA001004 /* Preview Assets.xcassets */ = {isa = PBXFileReference; lastKnownFileType = folder.assetcatalog; path = "Preview Assets.xcassets"; sourceTree = "<group>"; };
		CA00100F /* DetectedObject.swift */ = {isa = PBXFileReference; lastKnownFileType = sourcecode.swift; path = DetectedObject.swift; sourceTree = "<group>"; };
		CA001011 /* DetectionService.swift */ = {isa = PBXFileReference; lastKnownFileType = sourcecode.swift; path = DetectionService.swift; sourceTree = "<group>"; };
		CA001013 /* CountViewModel.swift */ = {isa = PBXFileReference; lastKnownFileType = sourcecode.swift; path = CountViewModel.swift; sourceTree = "<group>"; };
		CA001015 /* Constants.swift */ = {isa = PBXFileReference; lastKnownFileType = sourcecode.swift; path = Constants.swift; sourceTree = "<group>"; };
		CA001017 /* CameraView.swift */ = {isa = PBXFileReference; lastKnownFileType = sourcecode.swift; path = CameraView.swift; sourceTree = "<group>"; };
		CA001019 /* CountResultView.swift */ = {isa = PBXFileReference; lastKnownFileType = sourcecode.swift; path = CountResultView.swift; sourceTree = "<group>"; };
		CA00101B /* DetectionOverlay.swift */ = {isa = PBXFileReference; lastKnownFileType = sourcecode.swift; path = DetectionOverlay.swift; sourceTree = "<group>"; };
		CA00101D /* Assets.xcassets */ = {isa = PBXFileReference; lastKnownFileType = folder.assetcatalog; path = Assets.xcassets; sourceTree = "<group>"; };
		CA00101F /* LaunchScreen.storyboard */ = {isa = PBXFileReference; lastKnownFileType = file.storyboard; path = LaunchScreen.storyboard; sourceTree = "<group>"; };
		CA001021 /* Info.plist */ = {isa = PBXFileReference; lastKnownFileType = text.plist.xml; path = Info.plist; sourceTree = "<group>"; };
		CA001040 /* ExportService.swift */ = {isa = PBXFileReference; lastKnownFileType = sourcecode.swift; path = ExportService.swift; sourceTree = "<group>"; };
		CA001041 /* StatisticsService.swift */ = {isa = PBXFileReference; lastKnownFileType = sourcecode.swift; path = StatisticsService.swift; sourceTree = "<group>"; };
		CA001042 /* StatisticsView.swift */ = {isa = PBXFileReference; lastKnownFileType = sourcecode.swift; path = StatisticsView.swift; sourceTree = "<group>"; };
		CA001040 /* ExportService.swift */ = {isa = PBXFileReference; lastKnownFileType = sourcecode.swift; path = ExportService.swift; sourceTree = "<group>"; };
		CA001041 /* StatisticsService.swift */ = {isa = PBXFileReference; lastKnownFileType = sourcecode.swift; path = StatisticsService.swift; sourceTree = "<group>"; };
		CA001042 /* StatisticsView.swift */ = {isa = PBXFileReference; lastKnownFileType = sourcecode.swift; path = StatisticsView.swift; sourceTree = "<group>"; };
		/* End PBXFileReference section */

		/* Begin PBXFrameworksBuildPhase section */
		CA000FDD /* Frameworks */ = {
			isa = PBXFrameworksBuildPhase;
			buildActionMask = 2147483647;
			files = (
			);
			runOnlyForDeploymentPostprocessing = 0;
		};
		/* End PBXFrameworksBuildPhase section */

		/* Begin PBXGroup section */
		CA000FD7 /* OpenCount */ = {
			isa = PBXGroup;
			children = (
				CA001000 /* OpenCountApp.swift */,
				CA001022 /* OpenCount */,
				CA001004 /* Preview Assets.xcassets */,
			);
			sourceTree = "<group>";
		};
		CA000FE1 /* Products */ = {
			isa = PBXGroup;
			children = (
				CA000FE0 /* OpenCount.app */,
			);
			name = Products;
			sourceTree = "<group>";
		};
		CA001022 /* OpenCount */ = {
			isa = PBXGroup;
			children = (
				CA001023 /* Models */,
				CA001025 /* Views */,
				CA00102B /* ViewModels */,
				CA00102D /* Services */,
				CA00102F /* Utils */,
				CA001031 /* Resources */,
				CA00101D /* Assets.xcassets */,
				CA001021 /* Info.plist */,
			);
			path = OpenCount;
			sourceTree = "<group>";
		};
		CA001023 /* Models */ = {
			isa = PBXGroup;
			children = (
				CA00100F /* DetectedObject.swift */,
			);
			path = Models;
			sourceTree = "<group>";
		};
		CA001025 /* Views */ = {
			isa = PBXGroup;
			children = (
				CA001002 /* ContentView.swift */,
				CA001017 /* CameraView.swift */,
				CA001019 /* CountResultView.swift */,
				CA00101B /* DetectionOverlay.swift */,
				CA001042 /* StatisticsView.swift */,
				CA001042 /* StatisticsView.swift */,
			);
			path = Views;
			sourceTree = "<group>";
		};
		CA00102B /* ViewModels */ = {
			isa = PBXGroup;
			children = (
				CA001013 /* CountViewModel.swift */,
			);
			path = ViewModels;
			sourceTree = "<group>";
		};
		CA00102D /* Services */ = {
			isa = PBXGroup;
			children = (
				CA001011 /* DetectionService.swift */,
				CA001040 /* ExportService.swift */,
				CA001041 /* StatisticsService.swift */,
				CA001040 /* ExportService.swift */,
				CA001041 /* StatisticsService.swift */,
			);
			path = Services;
			sourceTree = "<group>";
		};
		CA00102F /* Utils */ = {
			isa = PBXGroup;
			children = (
				CA001015 /* Constants.swift */,
			);
			path = Utils;
			sourceTree = "<group>";
		};
		CA001031 /* Resources */ = {
			isa = PBXGroup;
			children = (
				CA00101F /* LaunchScreen.storyboard */,
			);
			path = Resources;
			sourceTree = "<group>";
		};
		/* End PBXGroup section */

		/* Begin PBXNativeTarget section */
		CA000FDF /* OpenCount */ = {
			isa = PBXNativeTarget;
			buildConfigurationList = CA001033 /* Build configuration list for PBXNativeTarget "OpenCount" */;
			buildPhases = (
				CA000FDC /* Sources */,
				CA000FDD /* Frameworks */,
				CA000FDE /* Resources */,
			);
			buildRules = (
			);
			dependencies = (
			);
			name = OpenCount;
			productName = OpenCount;
			productReference = CA000FE0 /* OpenCount.app */;
			productType = "com.apple.product-type.application";
		};
		/* End PBXNativeTarget section */

		/* Begin PBXProject section */
		CA000FD8 /* Project object */ = {
			isa = PBXProject;
			attributes = {
				BuildIndependentTargetsInParallel = 1;
				LastSwiftUpdateCheck = 1500;
				LastUpgradeCheck = 1500;
				TargetAttributes = {
					CA000FDF = {
						CreatedOnToolsVersion = 15.0;
					};
				};
			};
			buildConfigurationList = CA000FDB /* Build configuration list for PBXProject "OpenCount" */;
			compatibilityVersion = "Xcode 14.0";
			developmentRegion = en;
			hasScannedForEncodings = 0;
			knownRegions = (
				en,
				Base,
			);
			mainGroup = CA000FD7;
			productRefGroup = CA000FE1 /* Products */;
			projectDirPath = "";
			projectRoot = "";
			targets = (
				CA000FDF /* OpenCount */,
			);
		};
		/* End PBXProject section */

		/* Begin PBXResourcesBuildPhase section */
		CA000FDE /* Resources */ = {
			isa = PBXResourcesBuildPhase;
			buildActionMask = 2147483647;
			files = (
				CA001005 /* Preview Assets.xcassets in Resources */,
				CA00101E /* Assets.xcassets in Resources */,
				CA001020 /* LaunchScreen.storyboard in Resources */,
			);
			runOnlyForDeploymentPostprocessing = 0;
		};
		/* End PBXResourcesBuildPhase section */

		/* Begin PBXSourcesBuildPhase section */
		CA000FDC /* Sources */ = {
			isa = PBXSourcesBuildPhase;
			buildActionMask = 2147483647;
			files = (
				CA001003 /* ContentView.swift in Sources */,
				CA001001 /* OpenCountApp.swift in Sources */,
				CA001010 /* DetectedObject.swift in Sources */,
				CA001012 /* DetectionService.swift in Sources */,
				CA001014 /* CountViewModel.swift in Sources */,
				CA001016 /* Constants.swift in Sources */,
				CA001018 /* CameraView.swift in Sources */,
				CA00101A /* CountResultView.swift in Sources */,
				CA00101C /* DetectionOverlay.swift in Sources */,
				CA001043 /* ExportService.swift in Sources */,
				CA001044 /* StatisticsService.swift in Sources */,
				CA001045 /* StatisticsView.swift in Sources */,
				CA001043 /* ExportService.swift in Sources */,
				CA001044 /* StatisticsService.swift in Sources */,
				CA001045 /* StatisticsView.swift in Sources */,
			);
			runOnlyForDeploymentPostprocessing = 0;
		};
		/* End PBXSourcesBuildPhase section */

		/* Begin XCBuildConfiguration section */
		CA001034 /* Debug */ = {
			isa = XCBuildConfiguration;
			buildSettings = {
				ALWAYS_SEARCH_USER_PATHS = NO;
				CLANG_ANALYZER_NONNULL = YES;
				CLANG_CXX_LANGUAGE_DIALECT = "c++20";
				CLANG_CXX_LIBRARY = "libc++";
				CLANG_ENABLE_MODULES = YES;
				CLANG_ENABLE_OBJC_ARC = YES;
				CLANG_WARN_BLOCK_CAPTURE_AUTORELEASING = YES;
				CLANG_WARN_BOOL_CONVERSION = YES;
				CLANG_WARN_COMMA = YES;
				CLANG_WARN_CONSTANT_CONVERSION = YES;
				CLANG_WARN_DEPRECATED_OBJC_IMPLEMENTATIONS = YES;
				CLANG_WARN_DIRECT_OBJC_ISA_USAGE = YES_ERROR;
				CLANG_WARN_DOCUMENTATION_COMMENTS = YES;
				CLANG_WARN_EMPTY_BODY = YES;
				CLANG_WARN_ENUM_CONVERSION = YES;
				CLANG_WARN_INFINITE_RECURSION = YES;
				CLANG_WARN_INT_CONVERSION = YES;
				CLANG_WARN_NON_LITERAL_NULL_CONVERSION = YES;
				CLANG_WARN_OBJC_IMPLICIT_RETAIN_SELF = YES;
				CLANG_WARN_OBJC_LITERAL_CONVERSION = YES;
				CLANG_WARN_OBJC_ROOT_CLASS = YES_ERROR;
				CLANG_WARN_QUOTED_INCLUDE_IN_FRAMEWORK_HEADER = YES;
				CLANG_WARN_RANGE_LOOP_ANALYSIS = YES;
				CLANG_WARN_STRICT_PROTOTYPES = YES;
				CLANG_WARN_SUSPICIOUS_MOVE = YES;
				CLANG_WARN_SUSPICIOUS_IMPLICIT_CONVERSION = YES;
				CLANG_WARN_UNREACHABLE_CODE = YES;
				CLANG_WARN__DUPLICATE_METHOD_MATCH = YES;
				COPY_PHASE_STRIP = NO;
				DEBUG_INFORMATION_FORMAT = dwarf;
				ENABLE_STRICT_OBJC_MSGSEND = YES;
				ENABLE_TESTABILITY = YES;
				GCC_C_LANGUAGE_DIALECT = gnu17;
				GCC_DYNAMIC_NO_PIC = NO;
				GCC_NO_COMMON_BLOCKS = YES;
				GCC_OPTIMIZATION_LEVEL = 0;
				GCC_PREPROCESSOR_DEFINITIONS = (
					"DEBUG=1",
					"$(inherited)",
				);
				GCC_WARN_64_TO_32_BIT_CONVERSION = YES;
				GCC_WARN_ABOUT_RETURN_TYPE = YES_ERROR;
				GCC_WARN_UNDECLARED_SELECTOR = YES;
				GCC_WARN_UNINITIALIZED_AUTOS = YES_AGGRESSIVE;
				GCC_WARN_UNUSED_FUNCTION = YES;
				GCC_WARN_UNUSED_VARIABLE = YES;
				IPHONEOS_DEPLOYMENT_TARGET = 17.0;
				MTL_ENABLE_DEBUG_INFO = INCLUDE_SOURCE;
				MTL_FAST_MATH = YES;
				ONLY_ACTIVE_ARCH = YES;
				SDKROOT = iphoneos;
				SWIFT_ACTIVE_COMPILATION_CONDITIONS = DEBUG;
				SWIFT_OPTIMIZATION_LEVEL = "-Onone";
			};
			name = Debug;
		};
		CA001035 /* Release */ = {
			isa = XCBuildConfiguration;
			buildSettings = {
				ALWAYS_SEARCH_USER_PATHS = NO;
				CLANG_ANALYZER_NONNULL = YES;
				CLANG_CXX_LANGUAGE_DIALECT = "c++20";
				CLANG_CXX_LIBRARY = "libc++";
				CLANG_ENABLE_MODULES = YES;
				CLANG_ENABLE_OBJC_ARC = YES;
				CLANG_WARN_BLOCK_CAPTURE_AUTORELEASING = YES;
				CLANG_WARN_BOOL_CONVERSION = YES;
				CLANG_WARN_COMMA = YES;
				CLANG_WARN_CONSTANT_CONVERSION = YES;
				CLANG_WARN_DEPRECATED_OBJC_IMPLEMENTATIONS = YES;
				CLANG_WARN_DIRECT_OBJC_ISA_USAGE = YES_ERROR;
				CLANG_WARN_DOCUMENTATION_COMMENTS = YES;
				CLANG_WARN_EMPTY_BODY = YES;
				CLANG_WARN_ENUM_CONVERSION = YES;
				CLANG_WARN_INFINITE_RECURSION = YES;
				CLANG_WARN_INT_CONVERSION = YES;
				CLANG_WARN_NON_LITERAL_NULL_CONVERSION = YES;
				CLANG_WARN_OBJC_IMPLICIT_RETAIN_SELF = YES;
				CLANG_WARN_OBJC_LITERAL_CONVERSION = YES;
				CLANG_WARN_OBJC_ROOT_CLASS = YES_ERROR;
				CLANG_WARN_QUOTED_INCLUDE_IN_FRAMEWORK_HEADER = YES;
				CLANG_WARN_RANGE_LOOP_ANALYSIS = YES;
				CLANG_WARN_STRICT_PROTOTYPES = YES;
				CLANG_WARN_SUSPICIOUS_MOVE = YES;
				CLANG_WARN_SUSPICIOUS_IMPLICIT_CONVERSION = YES;
				CLANG_WARN_UNREACHABLE_CODE = YES;
				CLANG_WARN__DUPLICATE_METHOD_MATCH = YES;
				COPY_PHASE_STRIP = NO;
				DEBUG_INFORMATION_FORMAT = "dwarf-with-dsym";
				ENABLE_NS_ASSERTIONS = NO;
				ENABLE_STRICT_OBJC_MSGSEND = YES;
				GCC_C_LANGUAGE_DIALECT = gnu17;
				GCC_NO_COMMON_BLOCKS = YES;
				GCC_OPTIMIZATION_LEVEL = s;
				GCC_WARN_64_TO_32_BIT_CONVERSION = YES;
				GCC_WARN_ABOUT_RETURN_TYPE = YES_ERROR;
				GCC_WARN_UNDECLARED_SELECTOR = YES;
				GCC_WARN_UNINITIALIZED_AUTOS = YES_AGGRESSIVE;
				GCC_WARN_UNUSED_FUNCTION = YES;
				GCC_WARN_UNUSED_VARIABLE = YES;
				IPHONEOS_DEPLOYMENT_TARGET = 17.0;
				MTL_ENABLE_DEBUG_INFO = NO;
				MTL_FAST_MATH = YES;
				SDKROOT = iphoneos;
				SWIFT_COMPILATION_MODE = wholemodule;
				SWIFT_OPTIMIZATION_LEVEL = "-O";
				VALIDATE_PRODUCT = YES;
			};
			name = Release;
		};
		CA001036 /* Debug */ = {
			isa = XCBuildConfiguration;
			buildSettings = {
				ASSETCATALOG_COMPILER_APPICON_NAME = AppIcon;
				ASSETCATALOG_COMPILER_GLOBAL_ACCENT_COLOR_NAME = AccentColor;
				CODE_SIGN_STYLE = Automatic;
				CURRENT_PROJECT_VERSION = 1;
				DEVELOPMENT_TEAM = "";
				GENERATE_INFOPLIST_FILE = YES;
				INFOPLIST_FILE = OpenCount/Info.plist;
				INFOPLIST_KEY_NSCameraUsageDescription = "OpenCount needs camera access to capture photos for object counting.";
				INFOPLIST_KEY_NSPhotoLibraryAddUsageDescription = "OpenCount needs photo library access to save results.";
				INFOPLIST_KEY_NSPhotoLibraryUsageDescription = "OpenCount needs photo library access to select images.";
				INFOPLIST_KEY_UIApplicationSceneManifestKey = "{ UIApplicationSupportsMultipleScenes = YES; }";
				INFOPLIST_KEY_UIApplicationSupportsIndirectInputEvents = YES;
				INFOPLIST_KEY_UILaunchScreen_Generation = YES;
				INFOPLIST_KEY_UISupportedInterfaceOrientations_iPad = "UIInterfaceOrientationPortrait UIInterfaceOrientationPortraitUpsideDown UIInterfaceOrientationLandscapeLeft UIInterfaceOrientationLandscapeRight";
				INFOPLIST_KEY_UISupportedInterfaceOrientations_iPhone = "UIInterfaceOrientationPortrait UIInterfaceOrientationLandscapeLeft UIInterfaceOrientationLandscapeRight";
				LD_RUNPATH_SEARCH_PATHS = (
					"$(inherited)",
					"@executable_path/Frameworks",
				);
				MARKETING_VERSION = 1.0;
				PRODUCT_BUNDLE_IDENTIFIER = com.openproblem.openCount;
				PRODUCT_NAME = "$(TARGET_NAME)";
				SWIFT_EMIT_LOC_STRINGS = YES;
				SWIFT_VERSION = 5.0;
				TARGETED_DEVICE_FAMILY = "1,2";
			};
			name = Debug;
		};
		CA001037 /* Release */ = {
			isa = XCBuildConfiguration;
			buildSettings = {
				ASSETCATALOG_COMPILER_APPICON_NAME = AppIcon;
				ASSETCATALOG_COMPILER_GLOBAL_ACCENT_COLOR_NAME = AccentColor;
				CODE_SIGN_STYLE = Automatic;
				CURRENT_PROJECT_VERSION = 1;
				DEVELOPMENT_TEAM = "";
				GENERATE_INFOPLIST_FILE = YES;
				INFOPLIST_FILE = OpenCount/Info.plist;
				INFOPLIST_KEY_NSCameraUsageDescription = "OpenCount needs camera access to capture photos for object counting.";
				INFOPLIST_KEY_NSPhotoLibraryAddUsageDescription = "OpenCount needs photo library access to save results.";
				INFOPLIST_KEY_NSPhotoLibraryUsageDescription = "OpenCount needs photo library access to select images.";
				INFOPLIST_KEY_UIApplicationSceneManifestKey = "{ UIApplicationSupportsMultipleScenes = YES; }";
				INFOPLIST_KEY_UIApplicationSupportsIndirectInputEvents = YES;
				INFOPLIST_KEY_UILaunchScreen_Generation = YES;
				INFOPLIST_KEY_UISupportedInterfaceOrientations_iPad = "UIInterfaceOrientationPortrait UIInterfaceOrientationPortraitUpsideDown UIInterfaceOrientationLandscapeLeft UIInterfaceOrientationLandscapeRight";
				INFOPLIST_KEY_UISupportedInterfaceOrientations_iPhone = "UIInterfaceOrientationPortrait UIInterfaceOrientationLandscapeLeft UIInterfaceOrientationLandscapeRight";
				LD_RUNPATH_SEARCH_PATHS = (
					"$(inherited)",
					"@executable_path/Frameworks",
				);
				MARKETING_VERSION = 1.0;
				PRODUCT_BUNDLE_IDENTIFIER = com.openproblem.openCount;
				PRODUCT_NAME = "$(TARGET_NAME)";
				SWIFT_EMIT_LOC_STRINGS = YES;
				SWIFT_VERSION = 5.0;
				TARGETED_DEVICE_FAMILY = "1,2";
			};
			name = Release;
		};
		/* End XCBuildConfiguration section */

		/* Begin XCConfigurationList section */
		CA000FDB /* Build configuration list for PBXProject "OpenCount" */ = {
			isa = XCConfigurationList;
			buildConfigurations = (
				CA001034 /* Debug */,
				CA001035 /* Release */,
			);
			defaultConfigurationIsVisible = 0;
			defaultConfigurationName = Release;
		};
		CA001033 /* Build configuration list for PBXNativeTarget "OpenCount" */ = {
			isa = XCConfigurationList;
			buildConfigurations = (
				CA001036 /* Debug */,
				CA001037 /* Release */,
			);
			defaultConfigurationIsVisible = 0;
			defaultConfigurationName = Release;
		};
		/* End XCConfigurationList section */
	};
	rootObject = CA000FD8 /* Project object */;
}
